
Microsoft Visual Studio Solution File, Format Version 12.00
# Visual Studio Version 17
VisualStudioVersion = 17.9.34728.123
MinimumVisualStudioVersion = 10.0.40219.1
Project("{9A19103F-16F7-4668-BE54-9A1E7A4F7556}") = "TextoCopier", "TextoCopier\TextoCopier.csproj", "{2757BC6F-0649-4FFD-8959-C21883B568A7}"
EndProject
Project("{9A19103F-16F7-4668-BE54-9A1E7A4F7556}") = "TextoCopier.Desktop", "TextoCopier.Desktop\TextoCopier.Desktop.csproj", "{3BD1014C-71FD-468A-8C5B-A76EF28160EC}"
EndProject
Project("{9A19103F-16F7-4668-BE54-9A1E7A4F7556}") = "Lyt.Avalonia.Mvvm", "Lyt.Avalonia.Mvvm\Lyt.Avalonia.Mvvm.csproj", "{9E8E1928-3346-4EE0-970E-2744BB678BCC}"
EndProject
Project("{9A19103F-16F7-4668-BE54-9A1E7A4F7556}") = "Lyt.Avalonia.Interfaces", "Lyt.Avalonia.Interfaces\Lyt.Avalonia.Interfaces.csproj", "{3E7A646C-A311-44A8-8BAA-A00BBDE304AE}"
EndProject
Project("{9A19103F-16F7-4668-BE54-9A1E7A4F7556}") = "Lyt.Avalonia.Persistence", "Lyt.Avalonia.Persistence\Lyt.Avalonia.Persistence.csproj", "{8CCD156D-5FB0-4B88-86B2-4ADFD7DF280C}"
EndProject
Project("{9A19103F-16F7-4668-BE54-9A1E7A4F7556}") = "Lyt.Avalonia.Controls", "Lyt.Avalonia.Controls\Lyt.Avalonia.Controls.csproj", "{915D44F8-8237-48AF-A781-7011CF601650}"
EndProject
Project("{9A19103F-16F7-4668-BE54-9A1E7A4F7556}") = "TextoCopier.Model", "TextoCopier.Model\TextoCopier.Model.csproj", "{CE040246-152A-4D89-BFF1-B8AB896301D6}"
EndProject
Project("{9A19103F-16F7-4668-BE54-9A1E7A4F7556}") = "Lyt.Avalonia.Model", "Lyt.Avalonia.Model\Lyt.Avalonia.Model.csproj", "{0718D072-9880-4FC8-8CB9-9583D1EB9389}"
EndProject
Project("{9A19103F-16F7-4668-BE54-9A1E7A4F7556}") = "Lyt.Avalonia.Localizer", "Lyt.Avalonia.Localizer\Lyt.Avalonia.Localizer.csproj", "{B76AA5FF-9706-4CCF-92D4-2BA450CC8A03}"
EndProject
Project("{9A19103F-16F7-4668-BE54-9A1E7A4F7556}") = "Invasion", "Invasion\Invasion.csproj", "{61F25FED-7E10-48EB-8DA9-2CD0E19C7905}"
EndProject
Project("{9A19103F-16F7-4668-BE54-9A1E7A4F7556}") = "Invasion.Desktop", "Invasion.Desktop\Invasion.Desktop.csproj", "{9078657D-AD5C-440F-B606-E8E5F9CB43B1}"
EndProject
Project("{FAE04EC0-301F-11D3-BF4B-00C04F79EFBC}") = "Invasion.Model", "Invasion.Model\Invasion.Model.csproj", "{C249708D-FB39-405C-A714-60BF000D89F4}"
EndProject
Global
	GlobalSection(SolutionConfigurationPlatforms) = preSolution
		Debug|Any CPU = Debug|Any CPU
		Release|Any CPU = Release|Any CPU
	EndGlobalSection
	GlobalSection(ProjectConfigurationPlatforms) = postSolution
		{2757BC6F-0649-4FFD-8959-C21883B568A7}.Debug|Any CPU.ActiveCfg = Debug|Any CPU
		{2757BC6F-0649-4FFD-8959-C21883B568A7}.Debug|Any CPU.Build.0 = Debug|Any CPU
		{2757BC6F-0649-4FFD-8959-C21883B568A7}.Release|Any CPU.ActiveCfg = Release|Any CPU
		{2757BC6F-0649-4FFD-8959-C21883B568A7}.Release|Any CPU.Build.0 = Release|Any CPU
		{3BD1014C-71FD-468A-8C5B-A76EF28160EC}.Debug|Any CPU.ActiveCfg = Debug|Any CPU
		{3BD1014C-71FD-468A-8C5B-A76EF28160EC}.Debug|Any CPU.Build.0 = Debug|Any CPU
		{3BD1014C-71FD-468A-8C5B-A76EF28160EC}.Release|Any CPU.ActiveCfg = Release|Any CPU
		{3BD1014C-71FD-468A-8C5B-A76EF28160EC}.Release|Any CPU.Build.0 = Release|Any CPU
		{9E8E1928-3346-4EE0-970E-2744BB678BCC}.Debug|Any CPU.ActiveCfg = Debug|Any CPU
		{9E8E1928-3346-4EE0-970E-2744BB678BCC}.Debug|Any CPU.Build.0 = Debug|Any CPU
		{9E8E1928-3346-4EE0-970E-2744BB678BCC}.Release|Any CPU.ActiveCfg = Release|Any CPU
		{9E8E1928-3346-4EE0-970E-2744BB678BCC}.Release|Any CPU.Build.0 = Release|Any CPU
		{3E7A646C-A311-44A8-8BAA-A00BBDE304AE}.Debug|Any CPU.ActiveCfg = Debug|Any CPU
		{3E7A646C-A311-44A8-8BAA-A00BBDE304AE}.Debug|Any CPU.Build.0 = Debug|Any CPU
		{3E7A646C-A311-44A8-8BAA-A00BBDE304AE}.Release|Any CPU.ActiveCfg = Release|Any CPU
		{3E7A646C-A311-44A8-8BAA-A00BBDE304AE}.Release|Any CPU.Build.0 = Release|Any CPU
		{8CCD156D-5FB0-4B88-86B2-4ADFD7DF280C}.Debug|Any CPU.ActiveCfg = Debug|Any CPU
		{8CCD156D-5FB0-4B88-86B2-4ADFD7DF280C}.Debug|Any CPU.Build.0 = Debug|Any CPU
		{8CCD156D-5FB0-4B88-86B2-4ADFD7DF280C}.Release|Any CPU.ActiveCfg = Release|Any CPU
		{8CCD156D-5FB0-4B88-86B2-4ADFD7DF280C}.Release|Any CPU.Build.0 = Release|Any CPU
		{915D44F8-8237-48AF-A781-7011CF601650}.Debug|Any CPU.ActiveCfg = Debug|Any CPU
		{915D44F8-8237-48AF-A781-7011CF601650}.Debug|Any CPU.Build.0 = Debug|Any CPU
		{915D44F8-8237-48AF-A781-7011CF601650}.Release|Any CPU.ActiveCfg = Release|Any CPU
		{915D44F8-8237-48AF-A781-7011CF601650}.Release|Any CPU.Build.0 = Release|Any CPU
		{CE040246-152A-4D89-BFF1-B8AB896301D6}.Debug|Any CPU.ActiveCfg = Debug|Any CPU
		{CE040246-152A-4D89-BFF1-B8AB896301D6}.Debug|Any CPU.Build.0 = Debug|Any CPU
		{CE040246-152A-4D89-BFF1-B8AB896301D6}.Release|Any CPU.ActiveCfg = Release|Any CPU
		{CE040246-152A-4D89-BFF1-B8AB896301D6}.Release|Any CPU.Build.0 = Release|Any CPU
		{0718D072-9880-4FC8-8CB9-9583D1EB9389}.Debug|Any CPU.ActiveCfg = Debug|Any CPU
		{0718D072-9880-4FC8-8CB9-9583D1EB9389}.Debug|Any CPU.Build.0 = Debug|Any CPU
		{0718D072-9880-4FC8-8CB9-9583D1EB9389}.Release|Any CPU.ActiveCfg = Release|Any CPU
		{0718D072-9880-4FC8-8CB9-9583D1EB9389}.Release|Any CPU.Build.0 = Release|Any CPU
		{B76AA5FF-9706-4CCF-92D4-2BA450CC8A03}.Debug|Any CPU.ActiveCfg = Debug|Any CPU
		{B76AA5FF-9706-4CCF-92D4-2BA450CC8A03}.Debug|Any CPU.Build.0 = Debug|Any CPU
		{B76AA5FF-9706-4CCF-92D4-2BA450CC8A03}.Release|Any CPU.ActiveCfg = Release|Any CPU
		{B76AA5FF-9706-4CCF-92D4-2BA450CC8A03}.Release|Any CPU.Build.0 = Release|Any CPU
		{61F25FED-7E10-48EB-8DA9-2CD0E19C7905}.Debug|Any CPU.ActiveCfg = Debug|Any CPU
		{61F25FED-7E10-48EB-8DA9-2CD0E19C7905}.Debug|Any CPU.Build.0 = Debug|Any CPU
		{61F25FED-7E10-48EB-8DA9-2CD0E19C7905}.Release|Any CPU.ActiveCfg = Release|Any CPU
		{61F25FED-7E10-48EB-8DA9-2CD0E19C7905}.Release|Any CPU.Build.0 = Release|Any CPU
		{9078657D-AD5C-440F-B606-E8E5F9CB43B1}.Debug|Any CPU.ActiveCfg = Debug|Any CPU
		{9078657D-AD5C-440F-B606-E8E5F9CB43B1}.Debug|Any CPU.Build.0 = Debug|Any CPU
		{9078657D-AD5C-440F-B606-E8E5F9CB43B1}.Release|Any CPU.ActiveCfg = Release|Any CPU
		{9078657D-AD5C-440F-B606-E8E5F9CB43B1}.Release|Any CPU.Build.0 = Release|Any CPU
		{C249708D-FB39-405C-A714-60BF000D89F4}.Debug|Any CPU.ActiveCfg = Debug|Any CPU
		{C249708D-FB39-405C-A714-60BF000D89F4}.Debug|Any CPU.Build.0 = Debug|Any CPU
		{C249708D-FB39-405C-A714-60BF000D89F4}.Release|Any CPU.ActiveCfg = Release|Any CPU
		{C249708D-FB39-405C-A714-60BF000D89F4}.Release|Any CPU.Build.0 = Release|Any CPU
	EndGlobalSection
	GlobalSection(SolutionProperties) = preSolution
		HideSolutionNode = FALSE
	EndGlobalSection
	GlobalSection(ExtensibilityGlobals) = postSolution
		SolutionGuid = {F35EAB48-64F7-41A9-80EB-B6C81D7948DC}
	EndGlobalSection
EndGlobal
