
Microsoft Visual Studio Solution File, Format Version 12.00
# Visual Studio Version 17
VisualStudioVersion = 17.9.34728.123
MinimumVisualStudioVersion = 10.0.40219.1
Project("{9A19103F-16F7-4668-BE54-9A1E7A4F7556}") = "TextoCopier", "TextoCopier\TextoCopier.csproj", "{2757BC6F-0649-4FFD-8959-C21883B568A7}"
EndProject
Project("{9A19103F-16F7-4668-BE54-9A1E7A4F7556}") = "TextoCopier.Desktop", "TextoCopier.Desktop\TextoCopier.Desktop.csproj", "{3BD1014C-71FD-468A-8C5B-A76EF28160EC}"
EndProject
Project("{9A19103F-16F7-4668-BE54-9A1E7A4F7556}") = "TextoCopier.Model", "TextoCopier.Model\TextoCopier.Model.csproj", "{CE040246-152A-4D89-BFF1-B8AB896301D6}"
EndProject
Project("{9A19103F-16F7-4668-BE54-9A1E7A4F7556}") = "Invasion", "Invasion\Invasion.csproj", "{61F25FED-7E10-48EB-8DA9-2CD0E19C7905}"
EndProject
Project("{9A19103F-16F7-4668-BE54-9A1E7A4F7556}") = "Invasion.Desktop", "Invasion.Desktop\Invasion.Desktop.csproj", "{9078657D-AD5C-440F-B606-E8E5F9CB43B1}"
EndProject
Project("{9A19103F-16F7-4668-BE54-9A1E7A4F7556}") = "Invasion.Model", "Invasion.Model\Invasion.Model.csproj", "{C249708D-FB39-405C-A714-60BF000D89F4}"
EndProject
Project("{2150E333-8FDC-42A3-9474-1A3956D46DE8}") = "TextoCopierApp", "TextoCopierApp", "{BDCF7034-9C5D-4521-A9E2-F1EE9629CE87}"
EndProject
Project("{2150E333-8FDC-42A3-9474-1A3956D46DE8}") = "Framework", "Framework", "{03DDAA86-2863-49CB-AF2F-EC39224F1647}"
EndProject
Project("{2150E333-8FDC-42A3-9474-1A3956D46DE8}") = "InvasionApp", "InvasionApp", "{DE7C26D1-4DD8-4A10-AE5F-5153A79D3C4E}"
EndProject
Project("{9A19103F-16F7-4668-BE54-9A1E7A4F7556}") = "WordRush", "WordRush\WordRush.csproj", "{FB0302A1-1406-40FC-88F5-E1C4AD85805C}"
EndProject
Project("{2150E333-8FDC-42A3-9474-1A3956D46DE8}") = "WordRushApp", "WordRushApp", "{96056A6D-ED49-44EB-8265-CF6F76F0BD5B}"
EndProject
Project("{9A19103F-16F7-4668-BE54-9A1E7A4F7556}") = "TranslateRace", "TranslateRace\TranslateRace.csproj", "{8AA12BB1-1135-4A03-9AE0-7BE8C05DA339}"
EndProject
Project("{2150E333-8FDC-42A3-9474-1A3956D46DE8}") = "TranslateRaceApp", "TranslateRaceApp", "{86A3D787-2DCE-4CFE-A8C1-849D8D42A68E}"
EndProject
Project("{2150E333-8FDC-42A3-9474-1A3956D46DE8}") = "Avalonia", "Avalonia", "{DA5C3214-5362-D53D-7EE1-7B72DB27BE75}"
EndProject
Project("{FAE04EC0-301F-11D3-BF4B-00C04F79EFBC}") = "Lyt.Avalonia.Controls", "..\..\Lyt.Avalonia\Lyt.Avalonia.Controls\Lyt.Avalonia.Controls.csproj", "{32301CA2-4F0E-918F-6B00-EB1D72372DEF}"
EndProject
Project("{FAE04EC0-301F-11D3-BF4B-00C04F79EFBC}") = "Lyt.Avalonia.Interfaces", "..\..\Lyt.Avalonia\Lyt.Avalonia.Interfaces\Lyt.Avalonia.Interfaces.csproj", "{65C9DC80-8D03-5BF6-10C1-17AEA734F727}"
EndProject
Project("{FAE04EC0-301F-11D3-BF4B-00C04F79EFBC}") = "Lyt.Avalonia.Localizer", "..\..\Lyt.Avalonia\Lyt.Avalonia.Localizer\Lyt.Avalonia.Localizer.csproj", "{5EE066C1-2145-909E-4731-4DF5AED2135E}"
EndProject
Project("{FAE04EC0-301F-11D3-BF4B-00C04F79EFBC}") = "Lyt.Avalonia.Mvvm", "..\..\Lyt.Avalonia\Lyt.Avalonia.Mvvm\Lyt.Avalonia.Mvvm.csproj", "{C74A9017-F284-572F-B570-BB1DCA74C606}"
EndProject
Project("{FAE04EC0-301F-11D3-BF4B-00C04F79EFBC}") = "Lyt.Framework.Interfaces", "..\..\Lyt.Framework\Lyt.Framework.Interfaces\Lyt.Framework.Interfaces.csproj", "{26E182A5-BF1B-91D4-51BD-1221C6ACB912}"
EndProject
Project("{FAE04EC0-301F-11D3-BF4B-00C04F79EFBC}") = "Lyt.Messenger", "..\..\Lyt.Framework\Lyt.Messenger\Lyt.Messenger.csproj", "{EF8EDF3D-26D5-09F5-70CA-BE91C893A5D2}"
EndProject
Project("{FAE04EC0-301F-11D3-BF4B-00C04F79EFBC}") = "Lyt.Model", "..\..\Lyt.Framework\Lyt.Model\Lyt.Model.csproj", "{9B136A50-C41C-55D5-D4B9-49541A912517}"
EndProject
Project("{FAE04EC0-301F-11D3-BF4B-00C04F79EFBC}") = "Lyt.Persistence", "..\..\Lyt.Framework\Lyt.Persistence\Lyt.Persistence.csproj", "{76F51548-35E9-2FD3-66C8-8734D4CB403A}"
EndProject
Project("{FAE04EC0-301F-11D3-BF4B-00C04F79EFBC}") = "Lyt.Utilities", "..\..\Lyt.Framework\Lyt.Utilities\Lyt.Utilities.csproj", "{C007E736-55C3-891A-C72D-584AD8184EE3}"
EndProject
Project("{FAE04EC0-301F-11D3-BF4B-00C04F79EFBC}") = "Lyt.Validation", "..\..\Lyt.Framework\Lyt.Validation\Lyt.Validation.csproj", "{367DEA44-8F40-B826-2280-E3EE47F5F970}"
EndProject
Project("{FAE04EC0-301F-11D3-BF4B-00C04F79EFBC}") = "Lyt.Mvvm", "..\..\Lyt.Framework\Lyt.Mvvm\Lyt.Mvvm.csproj", "{960A29FA-DABB-77E4-B174-6A7CF73E95A0}"
EndProject
Global
	GlobalSection(SolutionConfigurationPlatforms) = preSolution
		Debug|Any CPU = Debug|Any CPU
		Release|Any CPU = Release|Any CPU
	EndGlobalSection
	GlobalSection(ProjectConfigurationPlatforms) = postSolution
		{2757BC6F-0649-4FFD-8959-C21883B568A7}.Debug|Any CPU.ActiveCfg = Debug|Any CPU
		{2757BC6F-0649-4FFD-8959-C21883B568A7}.Debug|Any CPU.Build.0 = Debug|Any CPU
		{2757BC6F-0649-4FFD-8959-C21883B568A7}.Release|Any CPU.ActiveCfg = Release|Any CPU
		{2757BC6F-0649-4FFD-8959-C21883B568A7}.Release|Any CPU.Build.0 = Release|Any CPU
		{3BD1014C-71FD-468A-8C5B-A76EF28160EC}.Debug|Any CPU.ActiveCfg = Debug|Any CPU
		{3BD1014C-71FD-468A-8C5B-A76EF28160EC}.Debug|Any CPU.Build.0 = Debug|Any CPU
		{3BD1014C-71FD-468A-8C5B-A76EF28160EC}.Release|Any CPU.ActiveCfg = Release|Any CPU
		{3BD1014C-71FD-468A-8C5B-A76EF28160EC}.Release|Any CPU.Build.0 = Release|Any CPU
		{CE040246-152A-4D89-BFF1-B8AB896301D6}.Debug|Any CPU.ActiveCfg = Debug|Any CPU
		{CE040246-152A-4D89-BFF1-B8AB896301D6}.Debug|Any CPU.Build.0 = Debug|Any CPU
		{CE040246-152A-4D89-BFF1-B8AB896301D6}.Release|Any CPU.ActiveCfg = Release|Any CPU
		{CE040246-152A-4D89-BFF1-B8AB896301D6}.Release|Any CPU.Build.0 = Release|Any CPU
		{61F25FED-7E10-48EB-8DA9-2CD0E19C7905}.Debug|Any CPU.ActiveCfg = Debug|Any CPU
		{61F25FED-7E10-48EB-8DA9-2CD0E19C7905}.Debug|Any CPU.Build.0 = Debug|Any CPU
		{61F25FED-7E10-48EB-8DA9-2CD0E19C7905}.Release|Any CPU.ActiveCfg = Release|Any CPU
		{61F25FED-7E10-48EB-8DA9-2CD0E19C7905}.Release|Any CPU.Build.0 = Release|Any CPU
		{9078657D-AD5C-440F-B606-E8E5F9CB43B1}.Debug|Any CPU.ActiveCfg = Debug|Any CPU
		{9078657D-AD5C-440F-B606-E8E5F9CB43B1}.Debug|Any CPU.Build.0 = Debug|Any CPU
		{9078657D-AD5C-440F-B606-E8E5F9CB43B1}.Release|Any CPU.ActiveCfg = Release|Any CPU
		{9078657D-AD5C-440F-B606-E8E5F9CB43B1}.Release|Any CPU.Build.0 = Release|Any CPU
		{C249708D-FB39-405C-A714-60BF000D89F4}.Debug|Any CPU.ActiveCfg = Debug|Any CPU
		{C249708D-FB39-405C-A714-60BF000D89F4}.Debug|Any CPU.Build.0 = Debug|Any CPU
		{C249708D-FB39-405C-A714-60BF000D89F4}.Release|Any CPU.ActiveCfg = Release|Any CPU
		{C249708D-FB39-405C-A714-60BF000D89F4}.Release|Any CPU.Build.0 = Release|Any CPU
		{FB0302A1-1406-40FC-88F5-E1C4AD85805C}.Debug|Any CPU.ActiveCfg = Debug|Any CPU
		{FB0302A1-1406-40FC-88F5-E1C4AD85805C}.Debug|Any CPU.Build.0 = Debug|Any CPU
		{FB0302A1-1406-40FC-88F5-E1C4AD85805C}.Release|Any CPU.ActiveCfg = Release|Any CPU
		{FB0302A1-1406-40FC-88F5-E1C4AD85805C}.Release|Any CPU.Build.0 = Release|Any CPU
		{8AA12BB1-1135-4A03-9AE0-7BE8C05DA339}.Debug|Any CPU.ActiveCfg = Debug|Any CPU
		{8AA12BB1-1135-4A03-9AE0-7BE8C05DA339}.Debug|Any CPU.Build.0 = Debug|Any CPU
		{8AA12BB1-1135-4A03-9AE0-7BE8C05DA339}.Release|Any CPU.ActiveCfg = Release|Any CPU
		{8AA12BB1-1135-4A03-9AE0-7BE8C05DA339}.Release|Any CPU.Build.0 = Release|Any CPU
		{32301CA2-4F0E-918F-6B00-EB1D72372DEF}.Debug|Any CPU.ActiveCfg = Debug|Any CPU
		{32301CA2-4F0E-918F-6B00-EB1D72372DEF}.Debug|Any CPU.Build.0 = Debug|Any CPU
		{32301CA2-4F0E-918F-6B00-EB1D72372DEF}.Release|Any CPU.ActiveCfg = Release|Any CPU
		{32301CA2-4F0E-918F-6B00-EB1D72372DEF}.Release|Any CPU.Build.0 = Release|Any CPU
		{65C9DC80-8D03-5BF6-10C1-17AEA734F727}.Debug|Any CPU.ActiveCfg = Debug|Any CPU
		{65C9DC80-8D03-5BF6-10C1-17AEA734F727}.Debug|Any CPU.Build.0 = Debug|Any CPU
		{65C9DC80-8D03-5BF6-10C1-17AEA734F727}.Release|Any CPU.ActiveCfg = Release|Any CPU
		{65C9DC80-8D03-5BF6-10C1-17AEA734F727}.Release|Any CPU.Build.0 = Release|Any CPU
		{5EE066C1-2145-909E-4731-4DF5AED2135E}.Debug|Any CPU.ActiveCfg = Debug|Any CPU
		{5EE066C1-2145-909E-4731-4DF5AED2135E}.Debug|Any CPU.Build.0 = Debug|Any CPU
		{5EE066C1-2145-909E-4731-4DF5AED2135E}.Release|Any CPU.ActiveCfg = Release|Any CPU
		{5EE066C1-2145-909E-4731-4DF5AED2135E}.Release|Any CPU.Build.0 = Release|Any CPU
		{C74A9017-F284-572F-B570-BB1DCA74C606}.Debug|Any CPU.ActiveCfg = Debug|Any CPU
		{C74A9017-F284-572F-B570-BB1DCA74C606}.Debug|Any CPU.Build.0 = Debug|Any CPU
		{C74A9017-F284-572F-B570-BB1DCA74C606}.Release|Any CPU.ActiveCfg = Release|Any CPU
		{C74A9017-F284-572F-B570-BB1DCA74C606}.Release|Any CPU.Build.0 = Release|Any CPU
		{26E182A5-BF1B-91D4-51BD-1221C6ACB912}.Debug|Any CPU.ActiveCfg = Debug|Any CPU
		{26E182A5-BF1B-91D4-51BD-1221C6ACB912}.Debug|Any CPU.Build.0 = Debug|Any CPU
		{26E182A5-BF1B-91D4-51BD-1221C6ACB912}.Release|Any CPU.ActiveCfg = Release|Any CPU
		{26E182A5-BF1B-91D4-51BD-1221C6ACB912}.Release|Any CPU.Build.0 = Release|Any CPU
		{EF8EDF3D-26D5-09F5-70CA-BE91C893A5D2}.Debug|Any CPU.ActiveCfg = Debug|Any CPU
		{EF8EDF3D-26D5-09F5-70CA-BE91C893A5D2}.Debug|Any CPU.Build.0 = Debug|Any CPU
		{EF8EDF3D-26D5-09F5-70CA-BE91C893A5D2}.Release|Any CPU.ActiveCfg = Release|Any CPU
		{EF8EDF3D-26D5-09F5-70CA-BE91C893A5D2}.Release|Any CPU.Build.0 = Release|Any CPU
		{9B136A50-C41C-55D5-D4B9-49541A912517}.Debug|Any CPU.ActiveCfg = Debug|Any CPU
		{9B136A50-C41C-55D5-D4B9-49541A912517}.Debug|Any CPU.Build.0 = Debug|Any CPU
		{9B136A50-C41C-55D5-D4B9-49541A912517}.Release|Any CPU.ActiveCfg = Release|Any CPU
		{9B136A50-C41C-55D5-D4B9-49541A912517}.Release|Any CPU.Build.0 = Release|Any CPU
		{76F51548-35E9-2FD3-66C8-8734D4CB403A}.Debug|Any CPU.ActiveCfg = Debug|Any CPU
		{76F51548-35E9-2FD3-66C8-8734D4CB403A}.Debug|Any CPU.Build.0 = Debug|Any CPU
		{76F51548-35E9-2FD3-66C8-8734D4CB403A}.Release|Any CPU.ActiveCfg = Release|Any CPU
		{76F51548-35E9-2FD3-66C8-8734D4CB403A}.Release|Any CPU.Build.0 = Release|Any CPU
		{C007E736-55C3-891A-C72D-584AD8184EE3}.Debug|Any CPU.ActiveCfg = Debug|Any CPU
		{C007E736-55C3-891A-C72D-584AD8184EE3}.Debug|Any CPU.Build.0 = Debug|Any CPU
		{C007E736-55C3-891A-C72D-584AD8184EE3}.Release|Any CPU.ActiveCfg = Release|Any CPU
		{C007E736-55C3-891A-C72D-584AD8184EE3}.Release|Any CPU.Build.0 = Release|Any CPU
		{367DEA44-8F40-B826-2280-E3EE47F5F970}.Debug|Any CPU.ActiveCfg = Debug|Any CPU
		{367DEA44-8F40-B826-2280-E3EE47F5F970}.Debug|Any CPU.Build.0 = Debug|Any CPU
		{367DEA44-8F40-B826-2280-E3EE47F5F970}.Release|Any CPU.ActiveCfg = Release|Any CPU
		{367DEA44-8F40-B826-2280-E3EE47F5F970}.Release|Any CPU.Build.0 = Release|Any CPU
		{960A29FA-DABB-77E4-B174-6A7CF73E95A0}.Debug|Any CPU.ActiveCfg = Debug|Any CPU
		{960A29FA-DABB-77E4-B174-6A7CF73E95A0}.Debug|Any CPU.Build.0 = Debug|Any CPU
		{960A29FA-DABB-77E4-B174-6A7CF73E95A0}.Release|Any CPU.ActiveCfg = Release|Any CPU
		{960A29FA-DABB-77E4-B174-6A7CF73E95A0}.Release|Any CPU.Build.0 = Release|Any CPU
	EndGlobalSection
	GlobalSection(SolutionProperties) = preSolution
		HideSolutionNode = FALSE
	EndGlobalSection
	GlobalSection(NestedProjects) = preSolution
		{2757BC6F-0649-4FFD-8959-C21883B568A7} = {BDCF7034-9C5D-4521-A9E2-F1EE9629CE87}
		{3BD1014C-71FD-468A-8C5B-A76EF28160EC} = {BDCF7034-9C5D-4521-A9E2-F1EE9629CE87}
		{CE040246-152A-4D89-BFF1-B8AB896301D6} = {BDCF7034-9C5D-4521-A9E2-F1EE9629CE87}
		{61F25FED-7E10-48EB-8DA9-2CD0E19C7905} = {DE7C26D1-4DD8-4A10-AE5F-5153A79D3C4E}
		{9078657D-AD5C-440F-B606-E8E5F9CB43B1} = {DE7C26D1-4DD8-4A10-AE5F-5153A79D3C4E}
		{C249708D-FB39-405C-A714-60BF000D89F4} = {DE7C26D1-4DD8-4A10-AE5F-5153A79D3C4E}
		{FB0302A1-1406-40FC-88F5-E1C4AD85805C} = {96056A6D-ED49-44EB-8265-CF6F76F0BD5B}
		{8AA12BB1-1135-4A03-9AE0-7BE8C05DA339} = {86A3D787-2DCE-4CFE-A8C1-849D8D42A68E}
		{32301CA2-4F0E-918F-6B00-EB1D72372DEF} = {DA5C3214-5362-D53D-7EE1-7B72DB27BE75}
		{65C9DC80-8D03-5BF6-10C1-17AEA734F727} = {DA5C3214-5362-D53D-7EE1-7B72DB27BE75}
		{5EE066C1-2145-909E-4731-4DF5AED2135E} = {DA5C3214-5362-D53D-7EE1-7B72DB27BE75}
		{C74A9017-F284-572F-B570-BB1DCA74C606} = {DA5C3214-5362-D53D-7EE1-7B72DB27BE75}
		{26E182A5-BF1B-91D4-51BD-1221C6ACB912} = {03DDAA86-2863-49CB-AF2F-EC39224F1647}
		{EF8EDF3D-26D5-09F5-70CA-BE91C893A5D2} = {03DDAA86-2863-49CB-AF2F-EC39224F1647}
		{9B136A50-C41C-55D5-D4B9-49541A912517} = {03DDAA86-2863-49CB-AF2F-EC39224F1647}
		{76F51548-35E9-2FD3-66C8-8734D4CB403A} = {03DDAA86-2863-49CB-AF2F-EC39224F1647}
		{C007E736-55C3-891A-C72D-584AD8184EE3} = {03DDAA86-2863-49CB-AF2F-EC39224F1647}
		{367DEA44-8F40-B826-2280-E3EE47F5F970} = {03DDAA86-2863-49CB-AF2F-EC39224F1647}
		{960A29FA-DABB-77E4-B174-6A7CF73E95A0} = {03DDAA86-2863-49CB-AF2F-EC39224F1647}
	EndGlobalSection
	GlobalSection(ExtensibilityGlobals) = postSolution
		SolutionGuid = {F35EAB48-64F7-41A9-80EB-B6C81D7948DC}
	EndGlobalSection
EndGlobal
