
Microsoft Visual Studio Solution File, Format Version 12.00
# Visual Studio Version 17
VisualStudioVersion = 17.9.34728.123
MinimumVisualStudioVersion = 10.0.40219.1
Project("{9A19103F-16F7-4668-BE54-9A1E7A4F7556}") = "TextoCopier", "TextoCopier\TextoCopier.csproj", "{2757BC6F-0649-4FFD-8959-C21883B568A7}"
EndProject
Project("{9A19103F-16F7-4668-BE54-9A1E7A4F7556}") = "TextoCopier.Desktop", "TextoCopier.Desktop\TextoCopier.Desktop.csproj", "{3BD1014C-71FD-468A-8C5B-A76EF28160EC}"
EndProject
Project("{9A19103F-16F7-4668-BE54-9A1E7A4F7556}") = "TextoCopier.Model", "TextoCopier.Model\TextoCopier.Model.csproj", "{CE040246-152A-4D89-BFF1-B8AB896301D6}"
EndProject
Project("{9A19103F-16F7-4668-BE54-9A1E7A4F7556}") = "Invasion", "Invasion\Invasion.csproj", "{61F25FED-7E10-48EB-8DA9-2CD0E19C7905}"
EndProject
Project("{9A19103F-16F7-4668-BE54-9A1E7A4F7556}") = "Invasion.Desktop", "Invasion.Desktop\Invasion.Desktop.csproj", "{9078657D-AD5C-440F-B606-E8E5F9CB43B1}"
EndProject
Project("{9A19103F-16F7-4668-BE54-9A1E7A4F7556}") = "Invasion.Model", "Invasion.Model\Invasion.Model.csproj", "{C249708D-FB39-405C-A714-60BF000D89F4}"
EndProject
Project("{2150E333-8FDC-42A3-9474-1A3956D46DE8}") = "TextoCopierApp", "TextoCopierApp", "{BDCF7034-9C5D-4521-A9E2-F1EE9629CE87}"
EndProject
Project("{2150E333-8FDC-42A3-9474-1A3956D46DE8}") = "Framework", "Framework", "{03DDAA86-2863-49CB-AF2F-EC39224F1647}"
EndProject
Project("{2150E333-8FDC-42A3-9474-1A3956D46DE8}") = "InvasionApp", "InvasionApp", "{DE7C26D1-4DD8-4A10-AE5F-5153A79D3C4E}"
EndProject
Project("{9A19103F-16F7-4668-BE54-9A1E7A4F7556}") = "WordRush", "WordRush\WordRush.csproj", "{FB0302A1-1406-40FC-88F5-E1C4AD85805C}"
EndProject
Project("{2150E333-8FDC-42A3-9474-1A3956D46DE8}") = "WordRushApp", "WordRushApp", "{96056A6D-ED49-44EB-8265-CF6F76F0BD5B}"
EndProject
Project("{9A19103F-16F7-4668-BE54-9A1E7A4F7556}") = "TranslateRace", "TranslateRace\TranslateRace.csproj", "{8AA12BB1-1135-4A03-9AE0-7BE8C05DA339}"
EndProject
Project("{2150E333-8FDC-42A3-9474-1A3956D46DE8}") = "TranslateRaceApp", "TranslateRaceApp", "{86A3D787-2DCE-4CFE-A8C1-849D8D42A68E}"
EndProject
Project("{9A19103F-16F7-4668-BE54-9A1E7A4F7556}") = "Lyt.Avalonia.Controls", "..\..\Lyt.Avalonia.Framework\Lyt.Avalonia.Controls\Lyt.Avalonia.Controls.csproj", "{42C37163-6399-47EB-A19D-5F98BC764C71}"
EndProject
Project("{9A19103F-16F7-4668-BE54-9A1E7A4F7556}") = "Lyt.Avalonia.Interfaces", "..\..\Lyt.Avalonia.Framework\Lyt.Avalonia.Interfaces\Lyt.Avalonia.Interfaces.csproj", "{360BC62A-F139-4184-988E-9562B671FA44}"
EndProject
Project("{9A19103F-16F7-4668-BE54-9A1E7A4F7556}") = "Lyt.Avalonia.Localizer", "..\..\Lyt.Avalonia.Framework\Lyt.Avalonia.Localizer\Lyt.Avalonia.Localizer.csproj", "{4BD78C11-489F-4AB1-ADD3-7D25AB7AD100}"
EndProject
Project("{9A19103F-16F7-4668-BE54-9A1E7A4F7556}") = "Lyt.Avalonia.Model", "..\..\Lyt.Avalonia.Framework\Lyt.Avalonia.Model\Lyt.Avalonia.Model.csproj", "{D166BFD7-FB2A-43E1-BFAB-71289A2532D2}"
EndProject
Project("{9A19103F-16F7-4668-BE54-9A1E7A4F7556}") = "Lyt.Avalonia.Mvvm", "..\..\Lyt.Avalonia.Framework\Lyt.Avalonia.Mvvm\Lyt.Avalonia.Mvvm.csproj", "{3FE633CC-D121-4B3A-A059-4C6A5A634519}"
EndProject
Project("{9A19103F-16F7-4668-BE54-9A1E7A4F7556}") = "Lyt.Avalonia.Persistence", "..\..\Lyt.Avalonia.Framework\Lyt.Avalonia.Persistence\Lyt.Avalonia.Persistence.csproj", "{2F492B2F-A518-415F-A98B-439533265738}"
EndProject
Global
	GlobalSection(SolutionConfigurationPlatforms) = preSolution
		Debug|Any CPU = Debug|Any CPU
		Release|Any CPU = Release|Any CPU
	EndGlobalSection
	GlobalSection(ProjectConfigurationPlatforms) = postSolution
		{2757BC6F-0649-4FFD-8959-C21883B568A7}.Debug|Any CPU.ActiveCfg = Debug|Any CPU
		{2757BC6F-0649-4FFD-8959-C21883B568A7}.Debug|Any CPU.Build.0 = Debug|Any CPU
		{2757BC6F-0649-4FFD-8959-C21883B568A7}.Release|Any CPU.ActiveCfg = Release|Any CPU
		{2757BC6F-0649-4FFD-8959-C21883B568A7}.Release|Any CPU.Build.0 = Release|Any CPU
		{3BD1014C-71FD-468A-8C5B-A76EF28160EC}.Debug|Any CPU.ActiveCfg = Debug|Any CPU
		{3BD1014C-71FD-468A-8C5B-A76EF28160EC}.Debug|Any CPU.Build.0 = Debug|Any CPU
		{3BD1014C-71FD-468A-8C5B-A76EF28160EC}.Release|Any CPU.ActiveCfg = Release|Any CPU
		{3BD1014C-71FD-468A-8C5B-A76EF28160EC}.Release|Any CPU.Build.0 = Release|Any CPU
		{CE040246-152A-4D89-BFF1-B8AB896301D6}.Debug|Any CPU.ActiveCfg = Debug|Any CPU
		{CE040246-152A-4D89-BFF1-B8AB896301D6}.Debug|Any CPU.Build.0 = Debug|Any CPU
		{CE040246-152A-4D89-BFF1-B8AB896301D6}.Release|Any CPU.ActiveCfg = Release|Any CPU
		{CE040246-152A-4D89-BFF1-B8AB896301D6}.Release|Any CPU.Build.0 = Release|Any CPU
		{61F25FED-7E10-48EB-8DA9-2CD0E19C7905}.Debug|Any CPU.ActiveCfg = Debug|Any CPU
		{61F25FED-7E10-48EB-8DA9-2CD0E19C7905}.Debug|Any CPU.Build.0 = Debug|Any CPU
		{61F25FED-7E10-48EB-8DA9-2CD0E19C7905}.Release|Any CPU.ActiveCfg = Release|Any CPU
		{61F25FED-7E10-48EB-8DA9-2CD0E19C7905}.Release|Any CPU.Build.0 = Release|Any CPU
		{9078657D-AD5C-440F-B606-E8E5F9CB43B1}.Debug|Any CPU.ActiveCfg = Debug|Any CPU
		{9078657D-AD5C-440F-B606-E8E5F9CB43B1}.Debug|Any CPU.Build.0 = Debug|Any CPU
		{9078657D-AD5C-440F-B606-E8E5F9CB43B1}.Release|Any CPU.ActiveCfg = Release|Any CPU
		{9078657D-AD5C-440F-B606-E8E5F9CB43B1}.Release|Any CPU.Build.0 = Release|Any CPU
		{C249708D-FB39-405C-A714-60BF000D89F4}.Debug|Any CPU.ActiveCfg = Debug|Any CPU
		{C249708D-FB39-405C-A714-60BF000D89F4}.Debug|Any CPU.Build.0 = Debug|Any CPU
		{C249708D-FB39-405C-A714-60BF000D89F4}.Release|Any CPU.ActiveCfg = Release|Any CPU
		{C249708D-FB39-405C-A714-60BF000D89F4}.Release|Any CPU.Build.0 = Release|Any CPU
		{FB0302A1-1406-40FC-88F5-E1C4AD85805C}.Debug|Any CPU.ActiveCfg = Debug|Any CPU
		{FB0302A1-1406-40FC-88F5-E1C4AD85805C}.Debug|Any CPU.Build.0 = Debug|Any CPU
		{FB0302A1-1406-40FC-88F5-E1C4AD85805C}.Release|Any CPU.ActiveCfg = Release|Any CPU
		{FB0302A1-1406-40FC-88F5-E1C4AD85805C}.Release|Any CPU.Build.0 = Release|Any CPU
		{8AA12BB1-1135-4A03-9AE0-7BE8C05DA339}.Debug|Any CPU.ActiveCfg = Debug|Any CPU
		{8AA12BB1-1135-4A03-9AE0-7BE8C05DA339}.Debug|Any CPU.Build.0 = Debug|Any CPU
		{8AA12BB1-1135-4A03-9AE0-7BE8C05DA339}.Release|Any CPU.ActiveCfg = Release|Any CPU
		{8AA12BB1-1135-4A03-9AE0-7BE8C05DA339}.Release|Any CPU.Build.0 = Release|Any CPU
		{42C37163-6399-47EB-A19D-5F98BC764C71}.Debug|Any CPU.ActiveCfg = Debug|Any CPU
		{42C37163-6399-47EB-A19D-5F98BC764C71}.Debug|Any CPU.Build.0 = Debug|Any CPU
		{42C37163-6399-47EB-A19D-5F98BC764C71}.Release|Any CPU.ActiveCfg = Release|Any CPU
		{42C37163-6399-47EB-A19D-5F98BC764C71}.Release|Any CPU.Build.0 = Release|Any CPU
		{360BC62A-F139-4184-988E-9562B671FA44}.Debug|Any CPU.ActiveCfg = Debug|Any CPU
		{360BC62A-F139-4184-988E-9562B671FA44}.Debug|Any CPU.Build.0 = Debug|Any CPU
		{360BC62A-F139-4184-988E-9562B671FA44}.Release|Any CPU.ActiveCfg = Release|Any CPU
		{360BC62A-F139-4184-988E-9562B671FA44}.Release|Any CPU.Build.0 = Release|Any CPU
		{4BD78C11-489F-4AB1-ADD3-7D25AB7AD100}.Debug|Any CPU.ActiveCfg = Debug|Any CPU
		{4BD78C11-489F-4AB1-ADD3-7D25AB7AD100}.Debug|Any CPU.Build.0 = Debug|Any CPU
		{4BD78C11-489F-4AB1-ADD3-7D25AB7AD100}.Release|Any CPU.ActiveCfg = Release|Any CPU
		{4BD78C11-489F-4AB1-ADD3-7D25AB7AD100}.Release|Any CPU.Build.0 = Release|Any CPU
		{D166BFD7-FB2A-43E1-BFAB-71289A2532D2}.Debug|Any CPU.ActiveCfg = Debug|Any CPU
		{D166BFD7-FB2A-43E1-BFAB-71289A2532D2}.Debug|Any CPU.Build.0 = Debug|Any CPU
		{D166BFD7-FB2A-43E1-BFAB-71289A2532D2}.Release|Any CPU.ActiveCfg = Release|Any CPU
		{D166BFD7-FB2A-43E1-BFAB-71289A2532D2}.Release|Any CPU.Build.0 = Release|Any CPU
		{3FE633CC-D121-4B3A-A059-4C6A5A634519}.Debug|Any CPU.ActiveCfg = Debug|Any CPU
		{3FE633CC-D121-4B3A-A059-4C6A5A634519}.Debug|Any CPU.Build.0 = Debug|Any CPU
		{3FE633CC-D121-4B3A-A059-4C6A5A634519}.Release|Any CPU.ActiveCfg = Release|Any CPU
		{3FE633CC-D121-4B3A-A059-4C6A5A634519}.Release|Any CPU.Build.0 = Release|Any CPU
		{2F492B2F-A518-415F-A98B-439533265738}.Debug|Any CPU.ActiveCfg = Debug|Any CPU
		{2F492B2F-A518-415F-A98B-439533265738}.Debug|Any CPU.Build.0 = Debug|Any CPU
		{2F492B2F-A518-415F-A98B-439533265738}.Release|Any CPU.ActiveCfg = Release|Any CPU
		{2F492B2F-A518-415F-A98B-439533265738}.Release|Any CPU.Build.0 = Release|Any CPU
	EndGlobalSection
	GlobalSection(SolutionProperties) = preSolution
		HideSolutionNode = FALSE
	EndGlobalSection
	GlobalSection(NestedProjects) = preSolution
		{2757BC6F-0649-4FFD-8959-C21883B568A7} = {BDCF7034-9C5D-4521-A9E2-F1EE9629CE87}
		{3BD1014C-71FD-468A-8C5B-A76EF28160EC} = {BDCF7034-9C5D-4521-A9E2-F1EE9629CE87}
		{CE040246-152A-4D89-BFF1-B8AB896301D6} = {BDCF7034-9C5D-4521-A9E2-F1EE9629CE87}
		{61F25FED-7E10-48EB-8DA9-2CD0E19C7905} = {DE7C26D1-4DD8-4A10-AE5F-5153A79D3C4E}
		{9078657D-AD5C-440F-B606-E8E5F9CB43B1} = {DE7C26D1-4DD8-4A10-AE5F-5153A79D3C4E}
		{C249708D-FB39-405C-A714-60BF000D89F4} = {DE7C26D1-4DD8-4A10-AE5F-5153A79D3C4E}
		{FB0302A1-1406-40FC-88F5-E1C4AD85805C} = {96056A6D-ED49-44EB-8265-CF6F76F0BD5B}
		{8AA12BB1-1135-4A03-9AE0-7BE8C05DA339} = {86A3D787-2DCE-4CFE-A8C1-849D8D42A68E}
		{42C37163-6399-47EB-A19D-5F98BC764C71} = {03DDAA86-2863-49CB-AF2F-EC39224F1647}
		{360BC62A-F139-4184-988E-9562B671FA44} = {03DDAA86-2863-49CB-AF2F-EC39224F1647}
		{4BD78C11-489F-4AB1-ADD3-7D25AB7AD100} = {03DDAA86-2863-49CB-AF2F-EC39224F1647}
		{D166BFD7-FB2A-43E1-BFAB-71289A2532D2} = {03DDAA86-2863-49CB-AF2F-EC39224F1647}
		{3FE633CC-D121-4B3A-A059-4C6A5A634519} = {03DDAA86-2863-49CB-AF2F-EC39224F1647}
		{2F492B2F-A518-415F-A98B-439533265738} = {03DDAA86-2863-49CB-AF2F-EC39224F1647}
	EndGlobalSection
	GlobalSection(ExtensibilityGlobals) = postSolution
		SolutionGuid = {F35EAB48-64F7-41A9-80EB-B6C81D7948DC}
	EndGlobalSection
EndGlobal
